// !$*UTF8*$!
{
	archiveVersion = 1;
	classes = {
	};
	objectVersion = 48;
	objects = {

/* Begin PBXBuildFile section */
		04105BB21FD587E400DC3EF3 /* QQTabBar.m in Sources */ = {isa = PBXBuildFile; fileRef = 04105BB11FD587E400DC3EF3 /* QQTabBar.m */; };
		044612DE1FCC4A66002C8A95 /* main.m in Sources */ = {isa = PBXBuildFile; fileRef = 044612CC1FCC4A66002C8A95 /* main.m */; };
		044612DF1FCC4A66002C8A95 /* AppDelegate.m in Sources */ = {isa = PBXBuildFile; fileRef = 044612CD1FCC4A66002C8A95 /* AppDelegate.m */; };
		044612E21FCC4AE8002C8A95 /* QQEssenceViewController.m in Sources */ = {isa = PBXBuildFile; fileRef = 044612E11FCC4AE7002C8A95 /* QQEssenceViewController.m */; };
		044612E51FCC4B01002C8A95 /* QQFriendTrendViewController.m in Sources */ = {isa = PBXBuildFile; fileRef = 044612E41FCC4B01002C8A95 /* QQFriendTrendViewController.m */; };
		044612E81FCC4B0D002C8A95 /* QQPublishViewController.m in Sources */ = {isa = PBXBuildFile; fileRef = 044612E71FCC4B0D002C8A95 /* QQPublishViewController.m */; };
		044612EB1FCC4B2F002C8A95 /* QQNewViewController.m in Sources */ = {isa = PBXBuildFile; fileRef = 044612EA1FCC4B2F002C8A95 /* QQNewViewController.m */; };
		044612EE1FCC4B4E002C8A95 /* QQMeViewController.m in Sources */ = {isa = PBXBuildFile; fileRef = 044612ED1FCC4B4E002C8A95 /* QQMeViewController.m */; };
		04577C911FD830BC00A0DB29 /* QQNavigationController.m in Sources */ = {isa = PBXBuildFile; fileRef = 04577C901FD830BC00A0DB29 /* QQNavigationController.m */; };
		04577C991FD832E100A0DB29 /* QQSettingController.m in Sources */ = {isa = PBXBuildFile; fileRef = 04577C981FD832E100A0DB29 /* QQSettingController.m */; };
		04A644F71FCC3D4700763D3C /* Assets.xcassets in Resources */ = {isa = PBXBuildFile; fileRef = 04A644F61FCC3D4700763D3C /* Assets.xcassets */; };
		181716DE1FE8078000AF0286 /* QQAdView.m in Sources */ = {isa = PBXBuildFile; fileRef = 181716DD1FE8078000AF0286 /* QQAdView.m */; };
		181716E51FEAA4D000AF0286 /* QQAd.m in Sources */ = {isa = PBXBuildFile; fileRef = 181716E41FEAA4D000AF0286 /* QQAd.m */; };
		183838C220DA501E004260E4 /* QQTopicCell.m in Sources */ = {isa = PBXBuildFile; fileRef = 183838C120DA501E004260E4 /* QQTopicCell.m */; };
		183838D520DA64B9004260E4 /* QQTopicCell.xib in Resources */ = {isa = PBXBuildFile; fileRef = 183838D420DA64B9004260E4 /* QQTopicCell.xib */; };
		183838DB20DB9042004260E4 /* QQUser.m in Sources */ = {isa = PBXBuildFile; fileRef = 183838DA20DB9042004260E4 /* QQUser.m */; };
		183838DE20DB98B7004260E4 /* QQComment.m in Sources */ = {isa = PBXBuildFile; fileRef = 183838DD20DB98B7004260E4 /* QQComment.m */; };
		183838E720DBBC47004260E4 /* QQTopicPictureView.m in Sources */ = {isa = PBXBuildFile; fileRef = 183838E620DBBC47004260E4 /* QQTopicPictureView.m */; };
		183838E920DBBC50004260E4 /* QQTopicPictureView.xib in Resources */ = {isa = PBXBuildFile; fileRef = 183838E820DBBC50004260E4 /* QQTopicPictureView.xib */; };
		183838EC20DBBC7B004260E4 /* QQTopicVideoView.m in Sources */ = {isa = PBXBuildFile; fileRef = 183838EB20DBBC7B004260E4 /* QQTopicVideoView.m */; };
		183838EE20DBBC8D004260E4 /* QQTopicVideoView.xib in Resources */ = {isa = PBXBuildFile; fileRef = 183838ED20DBBC8D004260E4 /* QQTopicVideoView.xib */; };
		183838F120DBC638004260E4 /* QQVideo.m in Sources */ = {isa = PBXBuildFile; fileRef = 183838F020DBC638004260E4 /* QQVideo.m */; };
		183838F420DBDF01004260E4 /* QQImage.m in Sources */ = {isa = PBXBuildFile; fileRef = 183838F320DBDF01004260E4 /* QQImage.m */; };
		183838F720DBE286004260E4 /* QQGif.m in Sources */ = {isa = PBXBuildFile; fileRef = 183838F620DBE286004260E4 /* QQGif.m */; };
		1842F83920E20B2700A1A43D /* QQRecommendViewController.m in Sources */ = {isa = PBXBuildFile; fileRef = 1842F83020E20B2700A1A43D /* QQRecommendViewController.m */; };
		1842F83A20E20B2700A1A43D /* QQPictureViewController.m in Sources */ = {isa = PBXBuildFile; fileRef = 1842F83320E20B2700A1A43D /* QQPictureViewController.m */; };
		1842F83B20E20B2700A1A43D /* QQVideoViewController.m in Sources */ = {isa = PBXBuildFile; fileRef = 1842F83420E20B2700A1A43D /* QQVideoViewController.m */; };
		1842F83C20E20B2700A1A43D /* QQRankViewController.m in Sources */ = {isa = PBXBuildFile; fileRef = 1842F83520E20B2700A1A43D /* QQRankViewController.m */; };
		1842F83D20E20B2700A1A43D /* QQWordViewController.m in Sources */ = {isa = PBXBuildFile; fileRef = 1842F83720E20B2700A1A43D /* QQWordViewController.m */; };
		1842F84020E21C0D00A1A43D /* QQTopicViewController.m in Sources */ = {isa = PBXBuildFile; fileRef = 1842F83F20E21C0D00A1A43D /* QQTopicViewController.m */; };
		18598A3420D7885F008EECED /* QQTitleButton.m in Sources */ = {isa = PBXBuildFile; fileRef = 18598A3320D7885F008EECED /* QQTitleButton.m */; };
		18598A5120D7BDA9008EECED /* UIColor+QQ.m in Sources */ = {isa = PBXBuildFile; fileRef = 18598A4520D7BDA9008EECED /* UIColor+QQ.m */; };
		18598A5220D7BDA9008EECED /* UIBarButtonItem+QQ.m in Sources */ = {isa = PBXBuildFile; fileRef = 18598A4C20D7BDA9008EECED /* UIBarButtonItem+QQ.m */; };
		18598A5320D7BDA9008EECED /* UIImage+QQ.m in Sources */ = {isa = PBXBuildFile; fileRef = 18598A4D20D7BDA9008EECED /* UIImage+QQ.m */; };
		18598A5420D7BDA9008EECED /* UIImageView+QQ.m in Sources */ = {isa = PBXBuildFile; fileRef = 18598A4E20D7BDA9008EECED /* UIImageView+QQ.m */; };
		18598A5520D7BDA9008EECED /* UIView+QQ.m in Sources */ = {isa = PBXBuildFile; fileRef = 18598A4F20D7BDA9008EECED /* UIView+QQ.m */; };
		18598A5620D7BDA9008EECED /* UITextField+QQ.m in Sources */ = {isa = PBXBuildFile; fileRef = 18598A5020D7BDA9008EECED /* UITextField+QQ.m */; };
		18598A5A20D7BE55008EECED /* QQConst.m in Sources */ = {isa = PBXBuildFile; fileRef = 18598A5920D7BE55008EECED /* QQConst.m */; };
		18598A8020D9EC66008EECED /* QQTopic.m in Sources */ = {isa = PBXBuildFile; fileRef = 18598A7F20D9EC66008EECED /* QQTopic.m */; };
		189A8D591FCDCA7F00F7F77D /* QQTabBarController.m in Sources */ = {isa = PBXBuildFile; fileRef = 189A8D581FCDCA7F00F7F77D /* QQTabBarController.m */; };
		189EF4A620DD15C90049CAC5 /* QQTopicGifView.m in Sources */ = {isa = PBXBuildFile; fileRef = 189EF4A520DD15C90049CAC5 /* QQTopicGifView.m */; };
		189F58C220DF28DF00962507 /* QQSeeBigPictureViewController.m in Sources */ = {isa = PBXBuildFile; fileRef = 189F58C020DF28DF00962507 /* QQSeeBigPictureViewController.m */; };
		189F58C320DF28DF00962507 /* QQSeeBigPictureViewController.xib in Resources */ = {isa = PBXBuildFile; fileRef = 189F58C120DF28DF00962507 /* QQSeeBigPictureViewController.xib */; };
		18DD1C3D20C91A7300BE8EA8 /* QQSubTagViewController.m in Sources */ = {isa = PBXBuildFile; fileRef = 18DD1C3C20C91A7300BE8EA8 /* QQSubTagViewController.m */; };
		18DD1C4420C920D800BE8EA8 /* QQSubTag.m in Sources */ = {isa = PBXBuildFile; fileRef = 18DD1C4320C920D800BE8EA8 /* QQSubTag.m */; };
		18DD1C4820C927F000BE8EA8 /* QQSubTagCell.m in Sources */ = {isa = PBXBuildFile; fileRef = 18DD1C4720C927F000BE8EA8 /* QQSubTagCell.m */; };
		18E0F1121FE2B72C00ABC4E1 /* QQAdController.m in Sources */ = {isa = PBXBuildFile; fileRef = 18E0F1111FE2B72C00ABC4E1 /* QQAdController.m */; };
		18EE157B20D09DE10078EB5E /* QQFriendTrendViewController.xib in Resources */ = {isa = PBXBuildFile; fileRef = 18EE157A20D09DE10078EB5E /* QQFriendTrendViewController.xib */; };
		18EE158220D220C00078EB5E /* QQLoginViewController.m in Sources */ = {isa = PBXBuildFile; fileRef = 18EE158020D220C00078EB5E /* QQLoginViewController.m */; };
		18EE158320D220C00078EB5E /* QQLoginViewController.xib in Resources */ = {isa = PBXBuildFile; fileRef = 18EE158120D220C00078EB5E /* QQLoginViewController.xib */; };
		18EE158F20D496520078EB5E /* QQLoginRegisterView.m in Sources */ = {isa = PBXBuildFile; fileRef = 18EE158E20D496520078EB5E /* QQLoginRegisterView.m */; };
		18EE159120D496600078EB5E /* QQLoginRegisterView.xib in Resources */ = {isa = PBXBuildFile; fileRef = 18EE159020D496600078EB5E /* QQLoginRegisterView.xib */; };
		18EE159420D4BD5D0078EB5E /* QQFastLoginView.m in Sources */ = {isa = PBXBuildFile; fileRef = 18EE159320D4BD5D0078EB5E /* QQFastLoginView.m */; };
		18EE159620D4BD660078EB5E /* QQFastLoginView.xib in Resources */ = {isa = PBXBuildFile; fileRef = 18EE159520D4BD660078EB5E /* QQFastLoginView.xib */; };
		18EE159920D4ECEB0078EB5E /* QQFastButton.m in Sources */ = {isa = PBXBuildFile; fileRef = 18EE159820D4ECEB0078EB5E /* QQFastButton.m */; };
		18EE159C20D4F4DD0078EB5E /* QQLoginField.m in Sources */ = {isa = PBXBuildFile; fileRef = 18EE159B20D4F4DD0078EB5E /* QQLoginField.m */; };
		18EE15A120D5F26B0078EB5E /* QQMeViewController.storyboard in Resources */ = {isa = PBXBuildFile; fileRef = 18EE15A020D5F26B0078EB5E /* QQMeViewController.storyboard */; };
		18EE15A620D5FDC20078EB5E /* QQSquareCell.m in Sources */ = {isa = PBXBuildFile; fileRef = 18EE15A420D5FDC20078EB5E /* QQSquareCell.m */; };
		18EE15A720D5FDC20078EB5E /* QQSquareCell.xib in Resources */ = {isa = PBXBuildFile; fileRef = 18EE15A520D5FDC20078EB5E /* QQSquareCell.xib */; };
		18EE15AB20D605760078EB5E /* QQSquare.m in Sources */ = {isa = PBXBuildFile; fileRef = 18EE15AA20D605760078EB5E /* QQSquare.m */; };
		18EE15AF20D642F90078EB5E /* QQWebViewController.m in Sources */ = {isa = PBXBuildFile; fileRef = 18EE15AD20D642F90078EB5E /* QQWebViewController.m */; };
		18EE15B020D642F90078EB5E /* QQWebViewController.xib in Resources */ = {isa = PBXBuildFile; fileRef = 18EE15AE20D642F90078EB5E /* QQWebViewController.xib */; };
		18EE15B420D7319E0078EB5E /* QQFileTool.m in Sources */ = {isa = PBXBuildFile; fileRef = 18EE15B320D7319E0078EB5E /* QQFileTool.m */; };
		457CBECE74AE3415FBE4405B /* libPods-BaiSiBuDeJie.a in Frameworks */ = {isa = PBXBuildFile; fileRef = 6121CD4A453D26FE584BDAD2 /* libPods-BaiSiBuDeJie.a */; };
/* End PBXBuildFile section */

/* Begin PBXFileReference section */
		04105BB01FD587E400DC3EF3 /* QQTabBar.h */ = {isa = PBXFileReference; lastKnownFileType = sourcecode.c.h; path = QQTabBar.h; sourceTree = "<group>"; };
		04105BB11FD587E400DC3EF3 /* QQTabBar.m */ = {isa = PBXFileReference; lastKnownFileType = sourcecode.c.objc; path = QQTabBar.m; sourceTree = "<group>"; };
		044612CB1FCC4A66002C8A95 /* AppDelegate.h */ = {isa = PBXFileReference; fileEncoding = 4; lastKnownFileType = sourcecode.c.h; path = AppDelegate.h; sourceTree = "<group>"; };
		044612CC1FCC4A66002C8A95 /* main.m */ = {isa = PBXFileReference; fileEncoding = 4; lastKnownFileType = sourcecode.c.objc; path = main.m; sourceTree = "<group>"; };
		044612CD1FCC4A66002C8A95 /* AppDelegate.m */ = {isa = PBXFileReference; fileEncoding = 4; lastKnownFileType = sourcecode.c.objc; path = AppDelegate.m; sourceTree = "<group>"; };
		044612E01FCC4AE7002C8A95 /* QQEssenceViewController.h */ = {isa = PBXFileReference; lastKnownFileType = sourcecode.c.h; path = QQEssenceViewController.h; sourceTree = "<group>"; };
		044612E11FCC4AE7002C8A95 /* QQEssenceViewController.m */ = {isa = PBXFileReference; lastKnownFileType = sourcecode.c.objc; path = QQEssenceViewController.m; sourceTree = "<group>"; };
		044612E31FCC4B01002C8A95 /* QQFriendTrendViewController.h */ = {isa = PBXFileReference; lastKnownFileType = sourcecode.c.h; path = QQFriendTrendViewController.h; sourceTree = "<group>"; };
		044612E41FCC4B01002C8A95 /* QQFriendTrendViewController.m */ = {isa = PBXFileReference; lastKnownFileType = sourcecode.c.objc; path = QQFriendTrendViewController.m; sourceTree = "<group>"; };
		044612E61FCC4B0D002C8A95 /* QQPublishViewController.h */ = {isa = PBXFileReference; lastKnownFileType = sourcecode.c.h; path = QQPublishViewController.h; sourceTree = "<group>"; };
		044612E71FCC4B0D002C8A95 /* QQPublishViewController.m */ = {isa = PBXFileReference; lastKnownFileType = sourcecode.c.objc; path = QQPublishViewController.m; sourceTree = "<group>"; };
		044612E91FCC4B2F002C8A95 /* QQNewViewController.h */ = {isa = PBXFileReference; lastKnownFileType = sourcecode.c.h; path = QQNewViewController.h; sourceTree = "<group>"; };
		044612EA1FCC4B2F002C8A95 /* QQNewViewController.m */ = {isa = PBXFileReference; lastKnownFileType = sourcecode.c.objc; path = QQNewViewController.m; sourceTree = "<group>"; };
		044612EC1FCC4B4E002C8A95 /* QQMeViewController.h */ = {isa = PBXFileReference; lastKnownFileType = sourcecode.c.h; path = QQMeViewController.h; sourceTree = "<group>"; };
		044612ED1FCC4B4E002C8A95 /* QQMeViewController.m */ = {isa = PBXFileReference; lastKnownFileType = sourcecode.c.objc; path = QQMeViewController.m; sourceTree = "<group>"; };
		04577C8F1FD830BC00A0DB29 /* QQNavigationController.h */ = {isa = PBXFileReference; lastKnownFileType = sourcecode.c.h; path = QQNavigationController.h; sourceTree = "<group>"; };
		04577C901FD830BC00A0DB29 /* QQNavigationController.m */ = {isa = PBXFileReference; lastKnownFileType = sourcecode.c.objc; path = QQNavigationController.m; sourceTree = "<group>"; };
		04577C971FD832E100A0DB29 /* QQSettingController.h */ = {isa = PBXFileReference; lastKnownFileType = sourcecode.c.h; path = QQSettingController.h; sourceTree = "<group>"; };
		04577C981FD832E100A0DB29 /* QQSettingController.m */ = {isa = PBXFileReference; lastKnownFileType = sourcecode.c.objc; path = QQSettingController.m; sourceTree = "<group>"; };
		04A644EA1FCC3D4700763D3C /* BaiSiBuDeJie.app */ = {isa = PBXFileReference; explicitFileType = wrapper.application; includeInIndex = 0; path = BaiSiBuDeJie.app; sourceTree = BUILT_PRODUCTS_DIR; };
		04A644F61FCC3D4700763D3C /* Assets.xcassets */ = {isa = PBXFileReference; lastKnownFileType = folder.assetcatalog; path = Assets.xcassets; sourceTree = "<group>"; };
		04A644FB1FCC3D4700763D3C /* Info.plist */ = {isa = PBXFileReference; lastKnownFileType = text.plist.xml; path = Info.plist; sourceTree = "<group>"; };
		0F6A14D2268344AA61066E9A /* Pods-BaiSiBuDeJie.debug.xcconfig */ = {isa = PBXFileReference; includeInIndex = 1; lastKnownFileType = text.xcconfig; name = "Pods-BaiSiBuDeJie.debug.xcconfig"; path = "Pods/Target Support Files/Pods-BaiSiBuDeJie/Pods-BaiSiBuDeJie.debug.xcconfig"; sourceTree = "<group>"; };
		181716DC1FE8078000AF0286 /* QQAdView.h */ = {isa = PBXFileReference; lastKnownFileType = sourcecode.c.h; path = QQAdView.h; sourceTree = "<group>"; };
		181716DD1FE8078000AF0286 /* QQAdView.m */ = {isa = PBXFileReference; lastKnownFileType = sourcecode.c.objc; path = QQAdView.m; sourceTree = "<group>"; };
		181716E31FEAA4D000AF0286 /* QQAd.h */ = {isa = PBXFileReference; lastKnownFileType = sourcecode.c.h; path = QQAd.h; sourceTree = "<group>"; };
		181716E41FEAA4D000AF0286 /* QQAd.m */ = {isa = PBXFileReference; lastKnownFileType = sourcecode.c.objc; path = QQAd.m; sourceTree = "<group>"; };
		183838C020DA501E004260E4 /* QQTopicCell.h */ = {isa = PBXFileReference; lastKnownFileType = sourcecode.c.h; path = QQTopicCell.h; sourceTree = "<group>"; };
		183838C120DA501E004260E4 /* QQTopicCell.m */ = {isa = PBXFileReference; lastKnownFileType = sourcecode.c.objc; path = QQTopicCell.m; sourceTree = "<group>"; };
		183838D420DA64B9004260E4 /* QQTopicCell.xib */ = {isa = PBXFileReference; lastKnownFileType = file.xib; path = QQTopicCell.xib; sourceTree = "<group>"; };
		183838D920DB9042004260E4 /* QQUser.h */ = {isa = PBXFileReference; lastKnownFileType = sourcecode.c.h; path = QQUser.h; sourceTree = "<group>"; };
		183838DA20DB9042004260E4 /* QQUser.m */ = {isa = PBXFileReference; lastKnownFileType = sourcecode.c.objc; path = QQUser.m; sourceTree = "<group>"; };
		183838DC20DB98B7004260E4 /* QQComment.h */ = {isa = PBXFileReference; lastKnownFileType = sourcecode.c.h; path = QQComment.h; sourceTree = "<group>"; };
		183838DD20DB98B7004260E4 /* QQComment.m */ = {isa = PBXFileReference; lastKnownFileType = sourcecode.c.objc; path = QQComment.m; sourceTree = "<group>"; };
		183838E520DBBC46004260E4 /* QQTopicPictureView.h */ = {isa = PBXFileReference; lastKnownFileType = sourcecode.c.h; path = QQTopicPictureView.h; sourceTree = "<group>"; };
		183838E620DBBC47004260E4 /* QQTopicPictureView.m */ = {isa = PBXFileReference; lastKnownFileType = sourcecode.c.objc; path = QQTopicPictureView.m; sourceTree = "<group>"; };
		183838E820DBBC50004260E4 /* QQTopicPictureView.xib */ = {isa = PBXFileReference; lastKnownFileType = file.xib; path = QQTopicPictureView.xib; sourceTree = "<group>"; };
		183838EA20DBBC7B004260E4 /* QQTopicVideoView.h */ = {isa = PBXFileReference; lastKnownFileType = sourcecode.c.h; path = QQTopicVideoView.h; sourceTree = "<group>"; };
		183838EB20DBBC7B004260E4 /* QQTopicVideoView.m */ = {isa = PBXFileReference; lastKnownFileType = sourcecode.c.objc; path = QQTopicVideoView.m; sourceTree = "<group>"; };
		183838ED20DBBC8D004260E4 /* QQTopicVideoView.xib */ = {isa = PBXFileReference; lastKnownFileType = file.xib; path = QQTopicVideoView.xib; sourceTree = "<group>"; };
		183838EF20DBC638004260E4 /* QQVideo.h */ = {isa = PBXFileReference; lastKnownFileType = sourcecode.c.h; path = QQVideo.h; sourceTree = "<group>"; };
		183838F020DBC638004260E4 /* QQVideo.m */ = {isa = PBXFileReference; lastKnownFileType = sourcecode.c.objc; path = QQVideo.m; sourceTree = "<group>"; };
		183838F220DBDF01004260E4 /* QQImage.h */ = {isa = PBXFileReference; lastKnownFileType = sourcecode.c.h; path = QQImage.h; sourceTree = "<group>"; };
		183838F320DBDF01004260E4 /* QQImage.m */ = {isa = PBXFileReference; lastKnownFileType = sourcecode.c.objc; path = QQImage.m; sourceTree = "<group>"; };
		183838F520DBE286004260E4 /* QQGif.h */ = {isa = PBXFileReference; lastKnownFileType = sourcecode.c.h; path = QQGif.h; sourceTree = "<group>"; };
		183838F620DBE286004260E4 /* QQGif.m */ = {isa = PBXFileReference; lastKnownFileType = sourcecode.c.objc; path = QQGif.m; sourceTree = "<group>"; };
		1842F82F20E20B2700A1A43D /* QQRankViewController.h */ = {isa = PBXFileReference; fileEncoding = 4; lastKnownFileType = sourcecode.c.h; path = QQRankViewController.h; sourceTree = "<group>"; };
		1842F83020E20B2700A1A43D /* QQRecommendViewController.m */ = {isa = PBXFileReference; fileEncoding = 4; lastKnownFileType = sourcecode.c.objc; path = QQRecommendViewController.m; sourceTree = "<group>"; };
		1842F83120E20B2700A1A43D /* QQVideoViewController.h */ = {isa = PBXFileReference; fileEncoding = 4; lastKnownFileType = sourcecode.c.h; path = QQVideoViewController.h; sourceTree = "<group>"; };
		1842F83220E20B2700A1A43D /* QQWordViewController.h */ = {isa = PBXFileReference; fileEncoding = 4; lastKnownFileType = sourcecode.c.h; path = QQWordViewController.h; sourceTree = "<group>"; };
		1842F83320E20B2700A1A43D /* QQPictureViewController.m */ = {isa = PBXFileReference; fileEncoding = 4; lastKnownFileType = sourcecode.c.objc; path = QQPictureViewController.m; sourceTree = "<group>"; };
		1842F83420E20B2700A1A43D /* QQVideoViewController.m */ = {isa = PBXFileReference; fileEncoding = 4; lastKnownFileType = sourcecode.c.objc; path = QQVideoViewController.m; sourceTree = "<group>"; };
		1842F83520E20B2700A1A43D /* QQRankViewController.m */ = {isa = PBXFileReference; fileEncoding = 4; lastKnownFileType = sourcecode.c.objc; path = QQRankViewController.m; sourceTree = "<group>"; };
		1842F83620E20B2700A1A43D /* QQRecommendViewController.h */ = {isa = PBXFileReference; fileEncoding = 4; lastKnownFileType = sourcecode.c.h; path = QQRecommendViewController.h; sourceTree = "<group>"; };
		1842F83720E20B2700A1A43D /* QQWordViewController.m */ = {isa = PBXFileReference; fileEncoding = 4; lastKnownFileType = sourcecode.c.objc; path = QQWordViewController.m; sourceTree = "<group>"; };
		1842F83820E20B2700A1A43D /* QQPictureViewController.h */ = {isa = PBXFileReference; fileEncoding = 4; lastKnownFileType = sourcecode.c.h; path = QQPictureViewController.h; sourceTree = "<group>"; };
		1842F83E20E21C0D00A1A43D /* QQTopicViewController.h */ = {isa = PBXFileReference; fileEncoding = 4; lastKnownFileType = sourcecode.c.h; path = QQTopicViewController.h; sourceTree = "<group>"; };
		1842F83F20E21C0D00A1A43D /* QQTopicViewController.m */ = {isa = PBXFileReference; fileEncoding = 4; lastKnownFileType = sourcecode.c.objc; path = QQTopicViewController.m; sourceTree = "<group>"; };
		18598A3220D7885F008EECED /* QQTitleButton.h */ = {isa = PBXFileReference; lastKnownFileType = sourcecode.c.h; path = QQTitleButton.h; sourceTree = "<group>"; };
		18598A3320D7885F008EECED /* QQTitleButton.m */ = {isa = PBXFileReference; lastKnownFileType = sourcecode.c.objc; path = QQTitleButton.m; sourceTree = "<group>"; };
		18598A4520D7BDA9008EECED /* UIColor+QQ.m */ = {isa = PBXFileReference; fileEncoding = 4; lastKnownFileType = sourcecode.c.objc; path = "UIColor+QQ.m"; sourceTree = "<group>"; };
		18598A4620D7BDA9008EECED /* UIBarButtonItem+QQ.h */ = {isa = PBXFileReference; fileEncoding = 4; lastKnownFileType = sourcecode.c.h; path = "UIBarButtonItem+QQ.h"; sourceTree = "<group>"; };
		18598A4720D7BDA9008EECED /* UIImageView+QQ.h */ = {isa = PBXFileReference; fileEncoding = 4; lastKnownFileType = sourcecode.c.h; path = "UIImageView+QQ.h"; sourceTree = "<group>"; };
		18598A4820D7BDA9008EECED /* UIImage+QQ.h */ = {isa = PBXFileReference; fileEncoding = 4; lastKnownFileType = sourcecode.c.h; path = "UIImage+QQ.h"; sourceTree = "<group>"; };
		18598A4920D7BDA9008EECED /* UITextField+QQ.h */ = {isa = PBXFileReference; fileEncoding = 4; lastKnownFileType = sourcecode.c.h; path = "UITextField+QQ.h"; sourceTree = "<group>"; };
		18598A4A20D7BDA9008EECED /* UIView+QQ.h */ = {isa = PBXFileReference; fileEncoding = 4; lastKnownFileType = sourcecode.c.h; path = "UIView+QQ.h"; sourceTree = "<group>"; };
		18598A4B20D7BDA9008EECED /* UIColor+QQ.h */ = {isa = PBXFileReference; fileEncoding = 4; lastKnownFileType = sourcecode.c.h; path = "UIColor+QQ.h"; sourceTree = "<group>"; };
		18598A4C20D7BDA9008EECED /* UIBarButtonItem+QQ.m */ = {isa = PBXFileReference; fileEncoding = 4; lastKnownFileType = sourcecode.c.objc; path = "UIBarButtonItem+QQ.m"; sourceTree = "<group>"; };
		18598A4D20D7BDA9008EECED /* UIImage+QQ.m */ = {isa = PBXFileReference; fileEncoding = 4; lastKnownFileType = sourcecode.c.objc; path = "UIImage+QQ.m"; sourceTree = "<group>"; };
		18598A4E20D7BDA9008EECED /* UIImageView+QQ.m */ = {isa = PBXFileReference; fileEncoding = 4; lastKnownFileType = sourcecode.c.objc; path = "UIImageView+QQ.m"; sourceTree = "<group>"; };
		18598A4F20D7BDA9008EECED /* UIView+QQ.m */ = {isa = PBXFileReference; fileEncoding = 4; lastKnownFileType = sourcecode.c.objc; path = "UIView+QQ.m"; sourceTree = "<group>"; };
		18598A5020D7BDA9008EECED /* UITextField+QQ.m */ = {isa = PBXFileReference; fileEncoding = 4; lastKnownFileType = sourcecode.c.objc; path = "UITextField+QQ.m"; sourceTree = "<group>"; };
		18598A5720D7BDE7008EECED /* BaiSiBuDeJie.pch */ = {isa = PBXFileReference; lastKnownFileType = sourcecode.c.h; path = BaiSiBuDeJie.pch; sourceTree = "<group>"; };
		18598A5820D7BE55008EECED /* QQConst.h */ = {isa = PBXFileReference; lastKnownFileType = sourcecode.c.h; path = QQConst.h; sourceTree = "<group>"; };
		18598A5920D7BE55008EECED /* QQConst.m */ = {isa = PBXFileReference; lastKnownFileType = sourcecode.c.objc; path = QQConst.m; sourceTree = "<group>"; };
		18598A7E20D9EC66008EECED /* QQTopic.h */ = {isa = PBXFileReference; lastKnownFileType = sourcecode.c.h; path = QQTopic.h; sourceTree = "<group>"; };
		18598A7F20D9EC66008EECED /* QQTopic.m */ = {isa = PBXFileReference; lastKnownFileType = sourcecode.c.objc; path = QQTopic.m; sourceTree = "<group>"; };
		189A8D571FCDCA7F00F7F77D /* QQTabBarController.h */ = {isa = PBXFileReference; lastKnownFileType = sourcecode.c.h; path = QQTabBarController.h; sourceTree = "<group>"; };
		189A8D581FCDCA7F00F7F77D /* QQTabBarController.m */ = {isa = PBXFileReference; lastKnownFileType = sourcecode.c.objc; path = QQTabBarController.m; sourceTree = "<group>"; };
		189EF4A420DD15C90049CAC5 /* QQTopicGifView.h */ = {isa = PBXFileReference; lastKnownFileType = sourcecode.c.h; path = QQTopicGifView.h; sourceTree = "<group>"; };
		189EF4A520DD15C90049CAC5 /* QQTopicGifView.m */ = {isa = PBXFileReference; lastKnownFileType = sourcecode.c.objc; path = QQTopicGifView.m; sourceTree = "<group>"; };
		189F58BF20DF28DF00962507 /* QQSeeBigPictureViewController.h */ = {isa = PBXFileReference; lastKnownFileType = sourcecode.c.h; path = QQSeeBigPictureViewController.h; sourceTree = "<group>"; };
		189F58C020DF28DF00962507 /* QQSeeBigPictureViewController.m */ = {isa = PBXFileReference; lastKnownFileType = sourcecode.c.objc; path = QQSeeBigPictureViewController.m; sourceTree = "<group>"; };
		189F58C120DF28DF00962507 /* QQSeeBigPictureViewController.xib */ = {isa = PBXFileReference; lastKnownFileType = file.xib; path = QQSeeBigPictureViewController.xib; sourceTree = "<group>"; };
		18DD1C3B20C91A7300BE8EA8 /* QQSubTagViewController.h */ = {isa = PBXFileReference; lastKnownFileType = sourcecode.c.h; path = QQSubTagViewController.h; sourceTree = "<group>"; };
		18DD1C3C20C91A7300BE8EA8 /* QQSubTagViewController.m */ = {isa = PBXFileReference; lastKnownFileType = sourcecode.c.objc; path = QQSubTagViewController.m; sourceTree = "<group>"; };
		18DD1C4220C920D800BE8EA8 /* QQSubTag.h */ = {isa = PBXFileReference; lastKnownFileType = sourcecode.c.h; path = QQSubTag.h; sourceTree = "<group>"; };
		18DD1C4320C920D800BE8EA8 /* QQSubTag.m */ = {isa = PBXFileReference; lastKnownFileType = sourcecode.c.objc; path = QQSubTag.m; sourceTree = "<group>"; };
		18DD1C4620C927F000BE8EA8 /* QQSubTagCell.h */ = {isa = PBXFileReference; lastKnownFileType = sourcecode.c.h; path = QQSubTagCell.h; sourceTree = "<group>"; };
		18DD1C4720C927F000BE8EA8 /* QQSubTagCell.m */ = {isa = PBXFileReference; lastKnownFileType = sourcecode.c.objc; path = QQSubTagCell.m; sourceTree = "<group>"; };
		18E0F1101FE2B72C00ABC4E1 /* QQAdController.h */ = {isa = PBXFileReference; lastKnownFileType = sourcecode.c.h; path = QQAdController.h; sourceTree = "<group>"; };
		18E0F1111FE2B72C00ABC4E1 /* QQAdController.m */ = {isa = PBXFileReference; lastKnownFileType = sourcecode.c.objc; path = QQAdController.m; sourceTree = "<group>"; };
		18EE157A20D09DE10078EB5E /* QQFriendTrendViewController.xib */ = {isa = PBXFileReference; lastKnownFileType = file.xib; path = QQFriendTrendViewController.xib; sourceTree = "<group>"; };
		18EE157F20D220C00078EB5E /* QQLoginViewController.h */ = {isa = PBXFileReference; lastKnownFileType = sourcecode.c.h; path = QQLoginViewController.h; sourceTree = "<group>"; };
		18EE158020D220C00078EB5E /* QQLoginViewController.m */ = {isa = PBXFileReference; lastKnownFileType = sourcecode.c.objc; path = QQLoginViewController.m; sourceTree = "<group>"; };
		18EE158120D220C00078EB5E /* QQLoginViewController.xib */ = {isa = PBXFileReference; lastKnownFileType = file.xib; path = QQLoginViewController.xib; sourceTree = "<group>"; };
		18EE158D20D496520078EB5E /* QQLoginRegisterView.h */ = {isa = PBXFileReference; lastKnownFileType = sourcecode.c.h; path = QQLoginRegisterView.h; sourceTree = "<group>"; };
		18EE158E20D496520078EB5E /* QQLoginRegisterView.m */ = {isa = PBXFileReference; lastKnownFileType = sourcecode.c.objc; path = QQLoginRegisterView.m; sourceTree = "<group>"; };
		18EE159020D496600078EB5E /* QQLoginRegisterView.xib */ = {isa = PBXFileReference; lastKnownFileType = file.xib; path = QQLoginRegisterView.xib; sourceTree = "<group>"; };
		18EE159220D4BD5D0078EB5E /* QQFastLoginView.h */ = {isa = PBXFileReference; lastKnownFileType = sourcecode.c.h; path = QQFastLoginView.h; sourceTree = "<group>"; };
		18EE159320D4BD5D0078EB5E /* QQFastLoginView.m */ = {isa = PBXFileReference; lastKnownFileType = sourcecode.c.objc; path = QQFastLoginView.m; sourceTree = "<group>"; };
		18EE159520D4BD660078EB5E /* QQFastLoginView.xib */ = {isa = PBXFileReference; lastKnownFileType = file.xib; path = QQFastLoginView.xib; sourceTree = "<group>"; };
		18EE159720D4ECEB0078EB5E /* QQFastButton.h */ = {isa = PBXFileReference; lastKnownFileType = sourcecode.c.h; path = QQFastButton.h; sourceTree = "<group>"; };
		18EE159820D4ECEB0078EB5E /* QQFastButton.m */ = {isa = PBXFileReference; lastKnownFileType = sourcecode.c.objc; path = QQFastButton.m; sourceTree = "<group>"; };
		18EE159A20D4F4DD0078EB5E /* QQLoginField.h */ = {isa = PBXFileReference; lastKnownFileType = sourcecode.c.h; path = QQLoginField.h; sourceTree = "<group>"; };
		18EE159B20D4F4DD0078EB5E /* QQLoginField.m */ = {isa = PBXFileReference; lastKnownFileType = sourcecode.c.objc; path = QQLoginField.m; sourceTree = "<group>"; };
		18EE15A020D5F26B0078EB5E /* QQMeViewController.storyboard */ = {isa = PBXFileReference; lastKnownFileType = file.storyboard; path = QQMeViewController.storyboard; sourceTree = "<group>"; };
		18EE15A320D5FDC20078EB5E /* QQSquareCell.h */ = {isa = PBXFileReference; lastKnownFileType = sourcecode.c.h; path = QQSquareCell.h; sourceTree = "<group>"; };
		18EE15A420D5FDC20078EB5E /* QQSquareCell.m */ = {isa = PBXFileReference; lastKnownFileType = sourcecode.c.objc; path = QQSquareCell.m; sourceTree = "<group>"; };
		18EE15A520D5FDC20078EB5E /* QQSquareCell.xib */ = {isa = PBXFileReference; lastKnownFileType = file.xib; path = QQSquareCell.xib; sourceTree = "<group>"; };
		18EE15A920D605760078EB5E /* QQSquare.h */ = {isa = PBXFileReference; lastKnownFileType = sourcecode.c.h; path = QQSquare.h; sourceTree = "<group>"; };
		18EE15AA20D605760078EB5E /* QQSquare.m */ = {isa = PBXFileReference; lastKnownFileType = sourcecode.c.objc; path = QQSquare.m; sourceTree = "<group>"; };
		18EE15AC20D642F90078EB5E /* QQWebViewController.h */ = {isa = PBXFileReference; lastKnownFileType = sourcecode.c.h; path = QQWebViewController.h; sourceTree = "<group>"; };
		18EE15AD20D642F90078EB5E /* QQWebViewController.m */ = {isa = PBXFileReference; lastKnownFileType = sourcecode.c.objc; path = QQWebViewController.m; sourceTree = "<group>"; };
		18EE15AE20D642F90078EB5E /* QQWebViewController.xib */ = {isa = PBXFileReference; lastKnownFileType = file.xib; path = QQWebViewController.xib; sourceTree = "<group>"; };
		18EE15B220D7319E0078EB5E /* QQFileTool.h */ = {isa = PBXFileReference; lastKnownFileType = sourcecode.c.h; path = QQFileTool.h; sourceTree = "<group>"; };
		18EE15B320D7319E0078EB5E /* QQFileTool.m */ = {isa = PBXFileReference; lastKnownFileType = sourcecode.c.objc; path = QQFileTool.m; sourceTree = "<group>"; };
		6121CD4A453D26FE584BDAD2 /* libPods-BaiSiBuDeJie.a */ = {isa = PBXFileReference; explicitFileType = archive.ar; includeInIndex = 0; path = "libPods-BaiSiBuDeJie.a"; sourceTree = BUILT_PRODUCTS_DIR; };
		AE37B284CCB4D7B1BABF1B3B /* Pods-BaiSiBuDeJie.release.xcconfig */ = {isa = PBXFileReference; includeInIndex = 1; lastKnownFileType = text.xcconfig; name = "Pods-BaiSiBuDeJie.release.xcconfig"; path = "Pods/Target Support Files/Pods-BaiSiBuDeJie/Pods-BaiSiBuDeJie.release.xcconfig"; sourceTree = "<group>"; };
/* End PBXFileReference section */

/* Begin PBXFrameworksBuildPhase section */
		04A644E71FCC3D4700763D3C /* Frameworks */ = {
			isa = PBXFrameworksBuildPhase;
			buildActionMask = 2147483647;
			files = (
				457CBECE74AE3415FBE4405B /* libPods-BaiSiBuDeJie.a in Frameworks */,
			);
			runOnlyForDeploymentPostprocessing = 0;
		};
/* End PBXFrameworksBuildPhase section */

/* Begin PBXGroup section */
		04105BAF1FD587BA00DC3EF3 /* View */ = {
			isa = PBXGroup;
			children = (
				04105BB01FD587E400DC3EF3 /* QQTabBar.h */,
				04105BB11FD587E400DC3EF3 /* QQTabBar.m */,
			);
			path = View;
			sourceTree = "<group>";
		};
		041CE63D1FCF961B00883695 /* Tool */ = {
			isa = PBXGroup;
			children = (
				18EE15B120D7318C0078EB5E /* File */,
			);
			path = Tool;
			sourceTree = "<group>";
		};
		044612C51FCC4A66002C8A95 /* Classes */ = {
			isa = PBXGroup;
			children = (
				189A8D531FCDCA5F00F7F77D /* Main */,
				18E0F10E1FE2B71B00ABC4E1 /* Ad */,
				044612D21FCC4A66002C8A95 /* Essence */,
				044612DA1FCC4A66002C8A95 /* New */,
				044612CE1FCC4A66002C8A95 /* Publish */,
				044612C61FCC4A66002C8A95 /* FriendTrend */,
				044612D61FCC4A66002C8A95 /* Me */,
				04577C921FD8329800A0DB29 /* Setting */,
				044612CA1FCC4A66002C8A95 /* Other */,
				041CE63D1FCF961B00883695 /* Tool */,
			);
			path = Classes;
			sourceTree = "<group>";
		};
		044612C61FCC4A66002C8A95 /* FriendTrend */ = {
			isa = PBXGroup;
			children = (
				044612C71FCC4A66002C8A95 /* Controller */,
				18EE158420D344BB0078EB5E /* View */,
				044612C81FCC4A66002C8A95 /* Model */,
			);
			path = FriendTrend;
			sourceTree = "<group>";
		};
		044612C71FCC4A66002C8A95 /* Controller */ = {
			isa = PBXGroup;
			children = (
				044612E31FCC4B01002C8A95 /* QQFriendTrendViewController.h */,
				044612E41FCC4B01002C8A95 /* QQFriendTrendViewController.m */,
				18EE157A20D09DE10078EB5E /* QQFriendTrendViewController.xib */,
				18EE157F20D220C00078EB5E /* QQLoginViewController.h */,
				18EE158020D220C00078EB5E /* QQLoginViewController.m */,
				18EE158120D220C00078EB5E /* QQLoginViewController.xib */,
			);
			path = Controller;
			sourceTree = "<group>";
		};
		044612C81FCC4A66002C8A95 /* Model */ = {
			isa = PBXGroup;
			children = (
			);
			path = Model;
			sourceTree = "<group>";
		};
		044612CA1FCC4A66002C8A95 /* Other */ = {
			isa = PBXGroup;
			children = (
				18598A4420D7BDA9008EECED /* Category */,
				044612CB1FCC4A66002C8A95 /* AppDelegate.h */,
				044612CD1FCC4A66002C8A95 /* AppDelegate.m */,
				044612CC1FCC4A66002C8A95 /* main.m */,
				18598A5720D7BDE7008EECED /* BaiSiBuDeJie.pch */,
				18598A5820D7BE55008EECED /* QQConst.h */,
				18598A5920D7BE55008EECED /* QQConst.m */,
			);
			path = Other;
			sourceTree = "<group>";
		};
		044612CE1FCC4A66002C8A95 /* Publish */ = {
			isa = PBXGroup;
			children = (
				044612CF1FCC4A66002C8A95 /* Controller */,
				044612D01FCC4A66002C8A95 /* Model */,
				044612D11FCC4A66002C8A95 /* View */,
			);
			path = Publish;
			sourceTree = "<group>";
		};
		044612CF1FCC4A66002C8A95 /* Controller */ = {
			isa = PBXGroup;
			children = (
				044612E61FCC4B0D002C8A95 /* QQPublishViewController.h */,
				044612E71FCC4B0D002C8A95 /* QQPublishViewController.m */,
			);
			path = Controller;
			sourceTree = "<group>";
		};
		044612D01FCC4A66002C8A95 /* Model */ = {
			isa = PBXGroup;
			children = (
			);
			path = Model;
			sourceTree = "<group>";
		};
		044612D11FCC4A66002C8A95 /* View */ = {
			isa = PBXGroup;
			children = (
			);
			path = View;
			sourceTree = "<group>";
		};
		044612D21FCC4A66002C8A95 /* Essence */ = {
			isa = PBXGroup;
			children = (
				044612D31FCC4A66002C8A95 /* Controller */,
				18598A3120D78848008EECED /* View */,
				18598A7D20D9EC51008EECED /* Model */,
			);
			path = Essence;
			sourceTree = "<group>";
		};
		044612D31FCC4A66002C8A95 /* Controller */ = {
			isa = PBXGroup;
			children = (
				044612E01FCC4AE7002C8A95 /* QQEssenceViewController.h */,
				044612E11FCC4AE7002C8A95 /* QQEssenceViewController.m */,
				1842F82E20E20B2700A1A43D /* Topic */,
				189F58BF20DF28DF00962507 /* QQSeeBigPictureViewController.h */,
				189F58C020DF28DF00962507 /* QQSeeBigPictureViewController.m */,
				189F58C120DF28DF00962507 /* QQSeeBigPictureViewController.xib */,
			);
			path = Controller;
			sourceTree = "<group>";
		};
		044612D61FCC4A66002C8A95 /* Me */ = {
			isa = PBXGroup;
			children = (
				044612D71FCC4A66002C8A95 /* Controller */,
				18EE15A220D5FD940078EB5E /* View */,
				18EE15A820D6055D0078EB5E /* Model */,
			);
			path = Me;
			sourceTree = "<group>";
		};
		044612D71FCC4A66002C8A95 /* Controller */ = {
			isa = PBXGroup;
			children = (
				044612EC1FCC4B4E002C8A95 /* QQMeViewController.h */,
				044612ED1FCC4B4E002C8A95 /* QQMeViewController.m */,
				18EE15A020D5F26B0078EB5E /* QQMeViewController.storyboard */,
				18EE15AC20D642F90078EB5E /* QQWebViewController.h */,
				18EE15AD20D642F90078EB5E /* QQWebViewController.m */,
				18EE15AE20D642F90078EB5E /* QQWebViewController.xib */,
			);
			path = Controller;
			sourceTree = "<group>";
		};
		044612DA1FCC4A66002C8A95 /* New */ = {
			isa = PBXGroup;
			children = (
				044612DB1FCC4A66002C8A95 /* Controller */,
				18DD1C4120C920CC00BE8EA8 /* Model */,
				18DD1C4520C927CF00BE8EA8 /* View */,
			);
			path = New;
			sourceTree = "<group>";
		};
		044612DB1FCC4A66002C8A95 /* Controller */ = {
			isa = PBXGroup;
			children = (
				044612E91FCC4B2F002C8A95 /* QQNewViewController.h */,
				044612EA1FCC4B2F002C8A95 /* QQNewViewController.m */,
				18DD1C3B20C91A7300BE8EA8 /* QQSubTagViewController.h */,
				18DD1C3C20C91A7300BE8EA8 /* QQSubTagViewController.m */,
			);
			path = Controller;
			sourceTree = "<group>";
		};
		04577C921FD8329800A0DB29 /* Setting */ = {
			isa = PBXGroup;
			children = (
				04577C931FD8329800A0DB29 /* Controller */,
			);
			path = Setting;
			sourceTree = "<group>";
		};
		04577C931FD8329800A0DB29 /* Controller */ = {
			isa = PBXGroup;
			children = (
				04577C971FD832E100A0DB29 /* QQSettingController.h */,
				04577C981FD832E100A0DB29 /* QQSettingController.m */,
			);
			path = Controller;
			sourceTree = "<group>";
		};
		04A644E11FCC3D4700763D3C = {
			isa = PBXGroup;
			children = (
				04A644EC1FCC3D4700763D3C /* BaiSiBuDeJie */,
				04A644EB1FCC3D4700763D3C /* Products */,
				69D49812CA838C3E0E3BD818 /* Pods */,
				BC6417EEFEFBB25973BDBE88 /* Frameworks */,
			);
			sourceTree = "<group>";
		};
		04A644EB1FCC3D4700763D3C /* Products */ = {
			isa = PBXGroup;
			children = (
				04A644EA1FCC3D4700763D3C /* BaiSiBuDeJie.app */,
			);
			name = Products;
			sourceTree = "<group>";
		};
		04A644EC1FCC3D4700763D3C /* BaiSiBuDeJie */ = {
			isa = PBXGroup;
			children = (
				044612C51FCC4A66002C8A95 /* Classes */,
				04A644F61FCC3D4700763D3C /* Assets.xcassets */,
				04A644FB1FCC3D4700763D3C /* Info.plist */,
			);
			path = BaiSiBuDeJie;
			sourceTree = "<group>";
		};
		181716DB1FE8076700AF0286 /* View */ = {
			isa = PBXGroup;
			children = (
				181716DC1FE8078000AF0286 /* QQAdView.h */,
				181716DD1FE8078000AF0286 /* QQAdView.m */,
			);
			path = View;
			sourceTree = "<group>";
		};
		181716E21FEAA4C200AF0286 /* Model */ = {
			isa = PBXGroup;
			children = (
				181716E31FEAA4D000AF0286 /* QQAd.h */,
				181716E41FEAA4D000AF0286 /* QQAd.m */,
			);
			path = Model;
			sourceTree = "<group>";
		};
		1842F82E20E20B2700A1A43D /* Topic */ = {
			isa = PBXGroup;
			children = (
				1842F83E20E21C0D00A1A43D /* QQTopicViewController.h */,
				1842F83F20E21C0D00A1A43D /* QQTopicViewController.m */,
				1842F83620E20B2700A1A43D /* QQRecommendViewController.h */,
				1842F83020E20B2700A1A43D /* QQRecommendViewController.m */,
				1842F83120E20B2700A1A43D /* QQVideoViewController.h */,
				1842F83420E20B2700A1A43D /* QQVideoViewController.m */,
				1842F83820E20B2700A1A43D /* QQPictureViewController.h */,
				1842F83320E20B2700A1A43D /* QQPictureViewController.m */,
				1842F83220E20B2700A1A43D /* QQWordViewController.h */,
				1842F83720E20B2700A1A43D /* QQWordViewController.m */,
				1842F82F20E20B2700A1A43D /* QQRankViewController.h */,
				1842F83520E20B2700A1A43D /* QQRankViewController.m */,
			);
			path = Topic;
			sourceTree = "<group>";
		};
		18598A3120D78848008EECED /* View */ = {
			isa = PBXGroup;
			children = (
				18598A3220D7885F008EECED /* QQTitleButton.h */,
				18598A3320D7885F008EECED /* QQTitleButton.m */,
				183838C020DA501E004260E4 /* QQTopicCell.h */,
				183838C120DA501E004260E4 /* QQTopicCell.m */,
				183838D420DA64B9004260E4 /* QQTopicCell.xib */,
				183838E520DBBC46004260E4 /* QQTopicPictureView.h */,
				183838E620DBBC47004260E4 /* QQTopicPictureView.m */,
				183838E820DBBC50004260E4 /* QQTopicPictureView.xib */,
				189EF4A420DD15C90049CAC5 /* QQTopicGifView.h */,
				189EF4A520DD15C90049CAC5 /* QQTopicGifView.m */,
				183838EA20DBBC7B004260E4 /* QQTopicVideoView.h */,
				183838EB20DBBC7B004260E4 /* QQTopicVideoView.m */,
				183838ED20DBBC8D004260E4 /* QQTopicVideoView.xib */,
			);
			path = View;
			sourceTree = "<group>";
		};
		18598A4420D7BDA9008EECED /* Category */ = {
			isa = PBXGroup;
			children = (
				18598A4B20D7BDA9008EECED /* UIColor+QQ.h */,
				18598A4520D7BDA9008EECED /* UIColor+QQ.m */,
				18598A4620D7BDA9008EECED /* UIBarButtonItem+QQ.h */,
				18598A4C20D7BDA9008EECED /* UIBarButtonItem+QQ.m */,
				18598A4720D7BDA9008EECED /* UIImageView+QQ.h */,
				18598A4E20D7BDA9008EECED /* UIImageView+QQ.m */,
				18598A4820D7BDA9008EECED /* UIImage+QQ.h */,
				18598A4D20D7BDA9008EECED /* UIImage+QQ.m */,
				18598A4920D7BDA9008EECED /* UITextField+QQ.h */,
				18598A5020D7BDA9008EECED /* UITextField+QQ.m */,
				18598A4A20D7BDA9008EECED /* UIView+QQ.h */,
				18598A4F20D7BDA9008EECED /* UIView+QQ.m */,
			);
			path = Category;
			sourceTree = "<group>";
		};
		18598A7D20D9EC51008EECED /* Model */ = {
			isa = PBXGroup;
			children = (
				18598A7E20D9EC66008EECED /* QQTopic.h */,
				18598A7F20D9EC66008EECED /* QQTopic.m */,
				183838D920DB9042004260E4 /* QQUser.h */,
				183838DA20DB9042004260E4 /* QQUser.m */,
				183838DC20DB98B7004260E4 /* QQComment.h */,
				183838DD20DB98B7004260E4 /* QQComment.m */,
				183838EF20DBC638004260E4 /* QQVideo.h */,
				183838F020DBC638004260E4 /* QQVideo.m */,
				183838F220DBDF01004260E4 /* QQImage.h */,
				183838F320DBDF01004260E4 /* QQImage.m */,
				183838F520DBE286004260E4 /* QQGif.h */,
				183838F620DBE286004260E4 /* QQGif.m */,
			);
			path = Model;
			sourceTree = "<group>";
		};
		189A8D531FCDCA5F00F7F77D /* Main */ = {
			isa = PBXGroup;
			children = (
				189A8D541FCDCA5F00F7F77D /* Controller */,
				189A8D551FCDCA5F00F7F77D /* Model */,
				04105BAF1FD587BA00DC3EF3 /* View */,
			);
			path = Main;
			sourceTree = "<group>";
		};
		189A8D541FCDCA5F00F7F77D /* Controller */ = {
			isa = PBXGroup;
			children = (
				189A8D571FCDCA7F00F7F77D /* QQTabBarController.h */,
				189A8D581FCDCA7F00F7F77D /* QQTabBarController.m */,
				04577C8F1FD830BC00A0DB29 /* QQNavigationController.h */,
				04577C901FD830BC00A0DB29 /* QQNavigationController.m */,
			);
			path = Controller;
			sourceTree = "<group>";
		};
		189A8D551FCDCA5F00F7F77D /* Model */ = {
			isa = PBXGroup;
			children = (
			);
			path = Model;
			sourceTree = "<group>";
		};
		18DD1C4120C920CC00BE8EA8 /* Model */ = {
			isa = PBXGroup;
			children = (
				18DD1C4220C920D800BE8EA8 /* QQSubTag.h */,
				18DD1C4320C920D800BE8EA8 /* QQSubTag.m */,
			);
			path = Model;
			sourceTree = "<group>";
		};
		18DD1C4520C927CF00BE8EA8 /* View */ = {
			isa = PBXGroup;
			children = (
				18DD1C4620C927F000BE8EA8 /* QQSubTagCell.h */,
				18DD1C4720C927F000BE8EA8 /* QQSubTagCell.m */,
			);
			path = View;
			sourceTree = "<group>";
		};
		18E0F10E1FE2B71B00ABC4E1 /* Ad */ = {
			isa = PBXGroup;
			children = (
				18E0F10F1FE2B71B00ABC4E1 /* Controller */,
				181716E21FEAA4C200AF0286 /* Model */,
				181716DB1FE8076700AF0286 /* View */,
			);
			path = Ad;
			sourceTree = "<group>";
		};
		18E0F10F1FE2B71B00ABC4E1 /* Controller */ = {
			isa = PBXGroup;
			children = (
				18E0F1101FE2B72C00ABC4E1 /* QQAdController.h */,
				18E0F1111FE2B72C00ABC4E1 /* QQAdController.m */,
			);
			path = Controller;
			sourceTree = "<group>";
		};
		18EE158420D344BB0078EB5E /* View */ = {
			isa = PBXGroup;
			children = (
				18EE158D20D496520078EB5E /* QQLoginRegisterView.h */,
				18EE158E20D496520078EB5E /* QQLoginRegisterView.m */,
				18EE159020D496600078EB5E /* QQLoginRegisterView.xib */,
				18EE159220D4BD5D0078EB5E /* QQFastLoginView.h */,
				18EE159320D4BD5D0078EB5E /* QQFastLoginView.m */,
				18EE159520D4BD660078EB5E /* QQFastLoginView.xib */,
				18EE159720D4ECEB0078EB5E /* QQFastButton.h */,
				18EE159820D4ECEB0078EB5E /* QQFastButton.m */,
				18EE159A20D4F4DD0078EB5E /* QQLoginField.h */,
				18EE159B20D4F4DD0078EB5E /* QQLoginField.m */,
			);
			path = View;
			sourceTree = "<group>";
		};
		18EE15A220D5FD940078EB5E /* View */ = {
			isa = PBXGroup;
			children = (
				18EE15A320D5FDC20078EB5E /* QQSquareCell.h */,
				18EE15A420D5FDC20078EB5E /* QQSquareCell.m */,
				18EE15A520D5FDC20078EB5E /* QQSquareCell.xib */,
			);
			path = View;
			sourceTree = "<group>";
		};
		18EE15A820D6055D0078EB5E /* Model */ = {
			isa = PBXGroup;
			children = (
				18EE15A920D605760078EB5E /* QQSquare.h */,
				18EE15AA20D605760078EB5E /* QQSquare.m */,
			);
			path = Model;
			sourceTree = "<group>";
		};
		18EE15B120D7318C0078EB5E /* File */ = {
			isa = PBXGroup;
			children = (
				18EE15B220D7319E0078EB5E /* QQFileTool.h */,
				18EE15B320D7319E0078EB5E /* QQFileTool.m */,
			);
			path = File;
			sourceTree = "<group>";
		};
		69D49812CA838C3E0E3BD818 /* Pods */ = {
			isa = PBXGroup;
			children = (
				0F6A14D2268344AA61066E9A /* Pods-BaiSiBuDeJie.debug.xcconfig */,
				AE37B284CCB4D7B1BABF1B3B /* Pods-BaiSiBuDeJie.release.xcconfig */,
			);
			name = Pods;
			sourceTree = "<group>";
		};
		BC6417EEFEFBB25973BDBE88 /* Frameworks */ = {
			isa = PBXGroup;
			children = (
				6121CD4A453D26FE584BDAD2 /* libPods-BaiSiBuDeJie.a */,
			);
			name = Frameworks;
			sourceTree = "<group>";
		};
/* End PBXGroup section */

/* Begin PBXNativeTarget section */
		04A644E91FCC3D4700763D3C /* BaiSiBuDeJie */ = {
			isa = PBXNativeTarget;
			buildConfigurationList = 04A645001FCC3D4700763D3C /* Build configuration list for PBXNativeTarget "BaiSiBuDeJie" */;
			buildPhases = (
				DB6C9FB61F90388C98F5D823 /* [CP] Check Pods Manifest.lock */,
				04A644E61FCC3D4700763D3C /* Sources */,
				04A644E71FCC3D4700763D3C /* Frameworks */,
				04A644E81FCC3D4700763D3C /* Resources */,
				8BEC11B6A5A6123943E8A1CE /* [CP] Embed Pods Frameworks */,
				5D4A5640BC95EB913A6C9845 /* [CP] Copy Pods Resources */,
			);
			buildRules = (
			);
			dependencies = (
			);
			name = BaiSiBuDeJie;
			productName = BaiSiBuDeJie;
			productReference = 04A644EA1FCC3D4700763D3C /* BaiSiBuDeJie.app */;
			productType = "com.apple.product-type.application";
		};
/* End PBXNativeTarget section */

/* Begin PBXProject section */
		04A644E21FCC3D4700763D3C /* Project object */ = {
			isa = PBXProject;
			attributes = {
				CLASSPREFIX = QQ;
				LastUpgradeCheck = 0940;
				ORGANIZATIONNAME = Mac;
				TargetAttributes = {
					04A644E91FCC3D4700763D3C = {
						CreatedOnToolsVersion = 9.1;
						ProvisioningStyle = Automatic;
					};
				};
			};
			buildConfigurationList = 04A644E51FCC3D4700763D3C /* Build configuration list for PBXProject "BaiSiBuDeJie" */;
			compatibilityVersion = "Xcode 8.0";
			developmentRegion = en;
			hasScannedForEncodings = 0;
			knownRegions = (
				en,
				Base,
			);
			mainGroup = 04A644E11FCC3D4700763D3C;
			productRefGroup = 04A644EB1FCC3D4700763D3C /* Products */;
			projectDirPath = "";
			projectRoot = "";
			targets = (
				04A644E91FCC3D4700763D3C /* BaiSiBuDeJie */,
			);
		};
/* End PBXProject section */

/* Begin PBXResourcesBuildPhase section */
		04A644E81FCC3D4700763D3C /* Resources */ = {
			isa = PBXResourcesBuildPhase;
			buildActionMask = 2147483647;
			files = (
				18EE15A720D5FDC20078EB5E /* QQSquareCell.xib in Resources */,
				183838EE20DBBC8D004260E4 /* QQTopicVideoView.xib in Resources */,
				18EE158320D220C00078EB5E /* QQLoginViewController.xib in Resources */,
				18EE157B20D09DE10078EB5E /* QQFriendTrendViewController.xib in Resources */,
				18EE159620D4BD660078EB5E /* QQFastLoginView.xib in Resources */,
				04A644F71FCC3D4700763D3C /* Assets.xcassets in Resources */,
				183838E920DBBC50004260E4 /* QQTopicPictureView.xib in Resources */,
				18EE159120D496600078EB5E /* QQLoginRegisterView.xib in Resources */,
				183838D520DA64B9004260E4 /* QQTopicCell.xib in Resources */,
				18EE15A120D5F26B0078EB5E /* QQMeViewController.storyboard in Resources */,
				189F58C320DF28DF00962507 /* QQSeeBigPictureViewController.xib in Resources */,
				18EE15B020D642F90078EB5E /* QQWebViewController.xib in Resources */,
			);
			runOnlyForDeploymentPostprocessing = 0;
		};
/* End PBXResourcesBuildPhase section */

/* Begin PBXShellScriptBuildPhase section */
		5D4A5640BC95EB913A6C9845 /* [CP] Copy Pods Resources */ = {
			isa = PBXShellScriptBuildPhase;
			buildActionMask = 2147483647;
			files = (
			);
			inputPaths = (
			);
			name = "[CP] Copy Pods Resources";
			outputPaths = (
			);
			runOnlyForDeploymentPostprocessing = 0;
			shellPath = /bin/sh;
			shellScript = "\"${SRCROOT}/Pods/Target Support Files/Pods-BaiSiBuDeJie/Pods-BaiSiBuDeJie-resources.sh\"\n";
			showEnvVarsInLog = 0;
		};
		8BEC11B6A5A6123943E8A1CE /* [CP] Embed Pods Frameworks */ = {
			isa = PBXShellScriptBuildPhase;
			buildActionMask = 2147483647;
			files = (
			);
			inputPaths = (
			);
			name = "[CP] Embed Pods Frameworks";
			outputPaths = (
			);
			runOnlyForDeploymentPostprocessing = 0;
			shellPath = /bin/sh;
			shellScript = "\"${SRCROOT}/Pods/Target Support Files/Pods-BaiSiBuDeJie/Pods-BaiSiBuDeJie-frameworks.sh\"\n";
			showEnvVarsInLog = 0;
		};
		DB6C9FB61F90388C98F5D823 /* [CP] Check Pods Manifest.lock */ = {
			isa = PBXShellScriptBuildPhase;
			buildActionMask = 2147483647;
			files = (
			);
			inputPaths = (
			);
			name = "[CP] Check Pods Manifest.lock";
			outputPaths = (
			);
			runOnlyForDeploymentPostprocessing = 0;
			shellPath = /bin/sh;
			shellScript = "diff \"${PODS_PODFILE_DIR_PATH}/Podfile.lock\" \"${PODS_ROOT}/Manifest.lock\" > /dev/null\nif [ $? != 0 ] ; then\n    # print error to STDERR\n    echo \"error: The sandbox is not in sync with the Podfile.lock. Run 'pod install' or update your CocoaPods installation.\" >&2\n    exit 1\nfi\n";
			showEnvVarsInLog = 0;
		};
/* End PBXShellScriptBuildPhase section */

/* Begin PBXSourcesBuildPhase section */
		04A644E61FCC3D4700763D3C /* Sources */ = {
			isa = PBXSourcesBuildPhase;
			buildActionMask = 2147483647;
			files = (
				183838EC20DBBC7B004260E4 /* QQTopicVideoView.m in Sources */,
				1842F83920E20B2700A1A43D /* QQRecommendViewController.m in Sources */,
				18EE15AB20D605760078EB5E /* QQSquare.m in Sources */,
				044612EE1FCC4B4E002C8A95 /* QQMeViewController.m in Sources */,
				18EE158F20D496520078EB5E /* QQLoginRegisterView.m in Sources */,
				18598A3420D7885F008EECED /* QQTitleButton.m in Sources */,
				189F58C220DF28DF00962507 /* QQSeeBigPictureViewController.m in Sources */,
				18EE159C20D4F4DD0078EB5E /* QQLoginField.m in Sources */,
				18EE15B420D7319E0078EB5E /* QQFileTool.m in Sources */,
				1842F83B20E20B2700A1A43D /* QQVideoViewController.m in Sources */,
				189A8D591FCDCA7F00F7F77D /* QQTabBarController.m in Sources */,
				044612E81FCC4B0D002C8A95 /* QQPublishViewController.m in Sources */,
				181716E51FEAA4D000AF0286 /* QQAd.m in Sources */,
				044612DE1FCC4A66002C8A95 /* main.m in Sources */,
				18598A8020D9EC66008EECED /* QQTopic.m in Sources */,
				18EE159920D4ECEB0078EB5E /* QQFastButton.m in Sources */,
				18EE15AF20D642F90078EB5E /* QQWebViewController.m in Sources */,
				18E0F1121FE2B72C00ABC4E1 /* QQAdController.m in Sources */,
				1842F83A20E20B2700A1A43D /* QQPictureViewController.m in Sources */,
				181716DE1FE8078000AF0286 /* QQAdView.m in Sources */,
				18598A5620D7BDA9008EECED /* UITextField+QQ.m in Sources */,
				18598A5A20D7BE55008EECED /* QQConst.m in Sources */,
				18598A5220D7BDA9008EECED /* UIBarButtonItem+QQ.m in Sources */,
				18EE158220D220C00078EB5E /* QQLoginViewController.m in Sources */,
				18DD1C4820C927F000BE8EA8 /* QQSubTagCell.m in Sources */,
				1842F84020E21C0D00A1A43D /* QQTopicViewController.m in Sources */,
				189EF4A620DD15C90049CAC5 /* QQTopicGifView.m in Sources */,
				044612E21FCC4AE8002C8A95 /* QQEssenceViewController.m in Sources */,
				183838F420DBDF01004260E4 /* QQImage.m in Sources */,
				044612E51FCC4B01002C8A95 /* QQFriendTrendViewController.m in Sources */,
				04105BB21FD587E400DC3EF3 /* QQTabBar.m in Sources */,
				18598A5320D7BDA9008EECED /* UIImage+QQ.m in Sources */,
				183838C220DA501E004260E4 /* QQTopicCell.m in Sources */,
				18EE159420D4BD5D0078EB5E /* QQFastLoginView.m in Sources */,
				1842F83D20E20B2700A1A43D /* QQWordViewController.m in Sources */,
				18EE15A620D5FDC20078EB5E /* QQSquareCell.m in Sources */,
				18598A5420D7BDA9008EECED /* UIImageView+QQ.m in Sources */,
				044612DF1FCC4A66002C8A95 /* AppDelegate.m in Sources */,
				18598A5520D7BDA9008EECED /* UIView+QQ.m in Sources */,
				183838E720DBBC47004260E4 /* QQTopicPictureView.m in Sources */,
				04577C911FD830BC00A0DB29 /* QQNavigationController.m in Sources */,
				18DD1C3D20C91A7300BE8EA8 /* QQSubTagViewController.m in Sources */,
				183838DE20DB98B7004260E4 /* QQComment.m in Sources */,
				1842F83C20E20B2700A1A43D /* QQRankViewController.m in Sources */,
				18DD1C4420C920D800BE8EA8 /* QQSubTag.m in Sources */,
				183838F720DBE286004260E4 /* QQGif.m in Sources */,
				18598A5120D7BDA9008EECED /* UIColor+QQ.m in Sources */,
				04577C991FD832E100A0DB29 /* QQSettingController.m in Sources */,
				183838F120DBC638004260E4 /* QQVideo.m in Sources */,
				183838DB20DB9042004260E4 /* QQUser.m in Sources */,
				044612EB1FCC4B2F002C8A95 /* QQNewViewController.m in Sources */,
			);
			runOnlyForDeploymentPostprocessing = 0;
		};
/* End PBXSourcesBuildPhase section */

/* Begin XCBuildConfiguration section */
		04A644FE1FCC3D4700763D3C /* Debug */ = {
			isa = XCBuildConfiguration;
			buildSettings = {
				ALWAYS_SEARCH_USER_PATHS = NO;
				CLANG_ANALYZER_NONNULL = YES;
				CLANG_ANALYZER_NUMBER_OBJECT_CONVERSION = YES_AGGRESSIVE;
				CLANG_CXX_LANGUAGE_STANDARD = "gnu++14";
				CLANG_CXX_LIBRARY = "libc++";
				CLANG_ENABLE_MODULES = YES;
				CLANG_ENABLE_OBJC_ARC = YES;
				CLANG_WARN_BLOCK_CAPTURE_AUTORELEASING = YES;
				CLANG_WARN_BOOL_CONVERSION = YES;
				CLANG_WARN_COMMA = YES;
				CLANG_WARN_CONSTANT_CONVERSION = YES;
				CLANG_WARN_DEPRECATED_OBJC_IMPLEMENTATIONS = YES;
				CLANG_WARN_DIRECT_OBJC_ISA_USAGE = YES_ERROR;
				CLANG_WARN_DOCUMENTATION_COMMENTS = YES;
				CLANG_WARN_EMPTY_BODY = YES;
				CLANG_WARN_ENUM_CONVERSION = YES;
				CLANG_WARN_INFINITE_RECURSION = YES;
				CLANG_WARN_INT_CONVERSION = YES;
				CLANG_WARN_NON_LITERAL_NULL_CONVERSION = YES;
				CLANG_WARN_OBJC_IMPLICIT_RETAIN_SELF = YES;
				CLANG_WARN_OBJC_LITERAL_CONVERSION = YES;
				CLANG_WARN_OBJC_ROOT_CLASS = YES_ERROR;
				CLANG_WARN_RANGE_LOOP_ANALYSIS = YES;
				CLANG_WARN_STRICT_PROTOTYPES = YES;
				CLANG_WARN_SUSPICIOUS_MOVE = YES;
				CLANG_WARN_UNGUARDED_AVAILABILITY = YES_AGGRESSIVE;
				CLANG_WARN_UNREACHABLE_CODE = YES;
				CLANG_WARN__DUPLICATE_METHOD_MATCH = YES;
				CODE_SIGN_IDENTITY = "iPhone Developer";
				COPY_PHASE_STRIP = NO;
				DEBUG_INFORMATION_FORMAT = dwarf;
				ENABLE_STRICT_OBJC_MSGSEND = YES;
				ENABLE_TESTABILITY = YES;
				GCC_C_LANGUAGE_STANDARD = gnu11;
				GCC_DYNAMIC_NO_PIC = NO;
				GCC_NO_COMMON_BLOCKS = YES;
				GCC_OPTIMIZATION_LEVEL = 0;
				GCC_PREPROCESSOR_DEFINITIONS = (
					"DEBUG=1",
					"$(inherited)",
				);
				GCC_WARN_64_TO_32_BIT_CONVERSION = YES;
				GCC_WARN_ABOUT_RETURN_TYPE = YES_ERROR;
				GCC_WARN_UNDECLARED_SELECTOR = YES;
				GCC_WARN_UNINITIALIZED_AUTOS = YES_AGGRESSIVE;
				GCC_WARN_UNUSED_FUNCTION = YES;
				GCC_WARN_UNUSED_VARIABLE = YES;
				IPHONEOS_DEPLOYMENT_TARGET = 11.1;
				MTL_ENABLE_DEBUG_INFO = YES;
				ONLY_ACTIVE_ARCH = YES;
				SDKROOT = iphoneos;
			};
			name = Debug;
		};
		04A644FF1FCC3D4700763D3C /* Release */ = {
			isa = XCBuildConfiguration;
			buildSettings = {
				ALWAYS_SEARCH_USER_PATHS = NO;
				CLANG_ANALYZER_NONNULL = YES;
				CLANG_ANALYZER_NUMBER_OBJECT_CONVERSION = YES_AGGRESSIVE;
				CLANG_CXX_LANGUAGE_STANDARD = "gnu++14";
				CLANG_CXX_LIBRARY = "libc++";
				CLANG_ENABLE_MODULES = YES;
				CLANG_ENABLE_OBJC_ARC = YES;
				CLANG_WARN_BLOCK_CAPTURE_AUTORELEASING = YES;
				CLANG_WARN_BOOL_CONVERSION = YES;
				CLANG_WARN_COMMA = YES;
				CLANG_WARN_CONSTANT_CONVERSION = YES;
				CLANG_WARN_DEPRECATED_OBJC_IMPLEMENTATIONS = YES;
				CLANG_WARN_DIRECT_OBJC_ISA_USAGE = YES_ERROR;
				CLANG_WARN_DOCUMENTATION_COMMENTS = YES;
				CLANG_WARN_EMPTY_BODY = YES;
				CLANG_WARN_ENUM_CONVERSION = YES;
				CLANG_WARN_INFINITE_RECURSION = YES;
				CLANG_WARN_INT_CONVERSION = YES;
				CLANG_WARN_NON_LITERAL_NULL_CONVERSION = YES;
				CLANG_WARN_OBJC_IMPLICIT_RETAIN_SELF = YES;
				CLANG_WARN_OBJC_LITERAL_CONVERSION = YES;
				CLANG_WARN_OBJC_ROOT_CLASS = YES_ERROR;
				CLANG_WARN_RANGE_LOOP_ANALYSIS = YES;
				CLANG_WARN_STRICT_PROTOTYPES = YES;
				CLANG_WARN_SUSPICIOUS_MOVE = YES;
				CLANG_WARN_UNGUARDED_AVAILABILITY = YES_AGGRESSIVE;
				CLANG_WARN_UNREACHABLE_CODE = YES;
				CLANG_WARN__DUPLICATE_METHOD_MATCH = YES;
				CODE_SIGN_IDENTITY = "iPhone Developer";
				COPY_PHASE_STRIP = NO;
				DEBUG_INFORMATION_FORMAT = "dwarf-with-dsym";
				ENABLE_NS_ASSERTIONS = NO;
				ENABLE_STRICT_OBJC_MSGSEND = YES;
				GCC_C_LANGUAGE_STANDARD = gnu11;
				GCC_NO_COMMON_BLOCKS = YES;
				GCC_WARN_64_TO_32_BIT_CONVERSION = YES;
				GCC_WARN_ABOUT_RETURN_TYPE = YES_ERROR;
				GCC_WARN_UNDECLARED_SELECTOR = YES;
				GCC_WARN_UNINITIALIZED_AUTOS = YES_AGGRESSIVE;
				GCC_WARN_UNUSED_FUNCTION = YES;
				GCC_WARN_UNUSED_VARIABLE = YES;
				IPHONEOS_DEPLOYMENT_TARGET = 11.1;
				MTL_ENABLE_DEBUG_INFO = NO;
				SDKROOT = iphoneos;
				VALIDATE_PRODUCT = YES;
			};
			name = Release;
		};
		04A645011FCC3D4700763D3C /* Debug */ = {
			isa = XCBuildConfiguration;
			baseConfigurationReference = 0F6A14D2268344AA61066E9A /* Pods-BaiSiBuDeJie.debug.xcconfig */;
			buildSettings = {
				ASSETCATALOG_COMPILER_APPICON_NAME = AppIcon;
				ASSETCATALOG_COMPILER_LAUNCHIMAGE_NAME = LaunchImage;
				CODE_SIGN_STYLE = Automatic;
				DEVELOPMENT_TEAM = 8V3D3JG4H4;
				GCC_PREFIX_HEADER = BaiSiBuDeJie/Classes/Other/BaiSiBuDeJie.pch;
				INFOPLIST_FILE = BaiSiBuDeJie/Info.plist;
				IPHONEOS_DEPLOYMENT_TARGET = 8.0;
				LD_RUNPATH_SEARCH_PATHS = "$(inherited) @executable_path/Frameworks";
				PRODUCT_BUNDLE_IDENTIFIER = com.ymbenzhi.BaiSiBuDeJie;
				PRODUCT_NAME = "$(TARGET_NAME)";
				TARGETED_DEVICE_FAMILY = 1;
			};
			name = Debug;
		};
		04A645021FCC3D4700763D3C /* Release */ = {
			isa = XCBuildConfiguration;
			baseConfigurationReference = AE37B284CCB4D7B1BABF1B3B /* Pods-BaiSiBuDeJie.release.xcconfig */;
			buildSettings = {
				ASSETCATALOG_COMPILER_APPICON_NAME = AppIcon;
				ASSETCATALOG_COMPILER_LAUNCHIMAGE_NAME = LaunchImage;
				CODE_SIGN_STYLE = Automatic;
				DEVELOPMENT_TEAM = 8V3D3JG4H4;
				GCC_PREFIX_HEADER = BaiSiBuDeJie/Classes/Other/BaiSiBuDeJie.pch;
				INFOPLIST_FILE = BaiSiBuDeJie/Info.plist;
				IPHONEOS_DEPLOYMENT_TARGET = 8.0;
				LD_RUNPATH_SEARCH_PATHS = "$(inherited) @executable_path/Frameworks";
				PRODUCT_BUNDLE_IDENTIFIER = com.ymbenzhi.BaiSiBuDeJie;
				PRODUCT_NAME = "$(TARGET_NAME)";
				TARGETED_DEVICE_FAMILY = 1;
			};
			name = Release;
		};
/* End XCBuildConfiguration section */

/* Begin XCConfigurationList section */
		04A644E51FCC3D4700763D3C /* Build configuration list for PBXProject "BaiSiBuDeJie" */ = {
			isa = XCConfigurationList;
			buildConfigurations = (
				04A644FE1FCC3D4700763D3C /* Debug */,
				04A644FF1FCC3D4700763D3C /* Release */,
			);
			defaultConfigurationIsVisible = 0;
			defaultConfigurationName = Release;
		};
		04A645001FCC3D4700763D3C /* Build configuration list for PBXNativeTarget "BaiSiBuDeJie" */ = {
			isa = XCConfigurationList;
			buildConfigurations = (
				04A645011FCC3D4700763D3C /* Debug */,
				04A645021FCC3D4700763D3C /* Release */,
			);
			defaultConfigurationIsVisible = 0;
			defaultConfigurationName = Release;
		};
/* End XCConfigurationList section */
	};
	rootObject = 04A644E21FCC3D4700763D3C /* Project object */;
}
